
Microsoft Visual Studio Solution File, Format Version 12.00
# Visual Studio Version 17
VisualStudioVersion = 17.11.35327.3
MinimumVisualStudioVersion = 10.0.40219.1
Project("{FAE04EC0-301F-11D3-BF4B-00C04F79EFBC}") = "Metodos", "Metodos.csproj", "{5710F026-FC24-448A-9A78-7BD3ED72FC87}"
EndProject
Global
	GlobalSection(SolutionConfigurationPlatforms) = preSolution
		Debug|Any CPU = Debug|Any CPU
		Release|Any CPU = Release|Any CPU
	EndGlobalSection
	GlobalSection(ProjectConfigurationPlatforms) = postSolution
		{5710F026-FC24-448A-9A78-7BD3ED72FC87}.Debug|Any CPU.ActiveCfg = Debug|Any CPU
		{5710F026-FC24-448A-9A78-7BD3ED72FC87}.Debug|Any CPU.Build.0 = Debug|Any CPU
		{5710F026-FC24-448A-9A78-7BD3ED72FC87}.Release|Any CPU.ActiveCfg = Release|Any CPU
		{5710F026-FC24-448A-9A78-7BD3ED72FC87}.Release|Any CPU.Build.0 = Release|Any CPU
	EndGlobalSection
	GlobalSection(SolutionProperties) = preSolution
		HideSolutionNode = FALSE
	EndGlobalSection
	GlobalSection(ExtensibilityGlobals) = postSolution
		SolutionGuid = {084B8434-B114-4E92-A72D-B404703FFA84}
	EndGlobalSection
EndGlobal
