
Microsoft Visual Studio Solution File, Format Version 12.00
# Visual Studio Version 17
VisualStudioVersion = 17.11.35327.3
MinimumVisualStudioVersion = 10.0.40219.1
Project("{FAE04EC0-301F-11D3-BF4B-00C04F79EFBC}") = "TesteTriangulo", "TesteTriangulo.csproj", "{42379B42-C3FE-414D-9490-4B5FAA683B81}"
EndProject
Global
	GlobalSection(SolutionConfigurationPlatforms) = preSolution
		Debug|Any CPU = Debug|Any CPU
		Release|Any CPU = Release|Any CPU
	EndGlobalSection
	GlobalSection(ProjectConfigurationPlatforms) = postSolution
		{42379B42-C3FE-414D-9490-4B5FAA683B81}.Debug|Any CPU.ActiveCfg = Debug|Any CPU
		{42379B42-C3FE-414D-9490-4B5FAA683B81}.Debug|Any CPU.Build.0 = Debug|Any CPU
		{42379B42-C3FE-414D-9490-4B5FAA683B81}.Release|Any CPU.ActiveCfg = Release|Any CPU
		{42379B42-C3FE-414D-9490-4B5FAA683B81}.Release|Any CPU.Build.0 = Release|Any CPU
	EndGlobalSection
	GlobalSection(SolutionProperties) = preSolution
		HideSolutionNode = FALSE
	EndGlobalSection
	GlobalSection(ExtensibilityGlobals) = postSolution
		SolutionGuid = {35C624C9-A1F8-4AFB-B926-7C00E80DD8EB}
	EndGlobalSection
EndGlobal
