
Microsoft Visual Studio Solution File, Format Version 12.00
# Visual Studio Version 17
VisualStudioVersion = 17.11.35327.3
MinimumVisualStudioVersion = 10.0.40219.1
Project("{FAE04EC0-301F-11D3-BF4B-00C04F79EFBC}") = "AreaTerreno", "AreaTerreno.csproj", "{7CB9E725-0287-4A94-8D2D-5179992CC47A}"
EndProject
Global
	GlobalSection(SolutionConfigurationPlatforms) = preSolution
		Debug|Any CPU = Debug|Any CPU
		Release|Any CPU = Release|Any CPU
	EndGlobalSection
	GlobalSection(ProjectConfigurationPlatforms) = postSolution
		{7CB9E725-0287-4A94-8D2D-5179992CC47A}.Debug|Any CPU.ActiveCfg = Debug|Any CPU
		{7CB9E725-0287-4A94-8D2D-5179992CC47A}.Debug|Any CPU.Build.0 = Debug|Any CPU
		{7CB9E725-0287-4A94-8D2D-5179992CC47A}.Release|Any CPU.ActiveCfg = Release|Any CPU
		{7CB9E725-0287-4A94-8D2D-5179992CC47A}.Release|Any CPU.Build.0 = Release|Any CPU
	EndGlobalSection
	GlobalSection(SolutionProperties) = preSolution
		HideSolutionNode = FALSE
	EndGlobalSection
	GlobalSection(ExtensibilityGlobals) = postSolution
		SolutionGuid = {2A9A738A-BABB-44C0-88F8-9EA4E7B03318}
	EndGlobalSection
EndGlobal
